{
    "_readme": [
        "This file locks the dependencies of your project to a known state",
        "Read more about it at https://getcomposer.org/doc/01-basic-usage.md#installing-dependencies",
        "This file is @generated automatically"
    ],
    "content-hash": "58cd851db40dea74194b218369d4e7fa",
    "packages": [
        {
            "name": "andy87/clients-base",
            "version": "1.0.0",
            "dist": {
                "type": "path",
                "url": "../base-client",
                "reference": "24849cdc2664f769e540f9b725957daa57743e50"
            },
            "require": {
                "php": ">=8.1"
            },
            "type": "library",
            "autoload": {
                "psr-4": {
                    "Andy87\\ClientsBase\\": "src/"
                }
            },
            "license": [
                "MIT"
            ],
            "description": "Base abstractions for typed PHP API clients.",
            "transport-options": {
                "symlink": true,
                "relative": true
            }
        }
    ],
    "packages-dev": [],
    "aliases": [],
    "minimum-stability": "stable",
    "stability-flags": {},
    "prefer-stable": false,
    "prefer-lowest": false,
    "platform": {
        "php": ">=8.1"
    },
    "platform-dev": {},
    "plugin-api-version": "2.9.0"
}
